// !$*UTF8*$!
{
	archiveVersion = 1;
	classes = {
	};
	objectVersion = 52;
	objects = {

/* Begin PBXBuildFile section */
		1B6D10F823D9A1D1004E8A9D /* AppDelegate.swift in Sources */ = {isa = PBXBuildFile; fileRef = 1B6D10F723D9A1D1004E8A9D /* AppDelegate.swift */; };
		1B6D10FE23D9A1D2004E8A9D /* Assets.xcassets in Resources */ = {isa = PBXBuildFile; fileRef = 1B6D10FD23D9A1D2004E8A9D /* Assets.xcassets */; };
		1B6D110423D9A1D2004E8A9D /* LaunchScreen.storyboard in Resources */ = {isa = PBXBuildFile; fileRef = 1B6D110223D9A1D2004E8A9D /* LaunchScreen.storyboard */; };
		1BB50A4C23D9F36A005DD651 /* ControllersFactory.swift in Sources */ = {isa = PBXBuildFile; fileRef = 1BB50A4B23D9F36A005DD651 /* ControllersFactory.swift */; };
		2C0E50DE23DF026A002B1BD2 /* Quick.framework in Frameworks */ = {isa = PBXBuildFile; fileRef = 2C0E50DB23DF0267002B1BD2 /* Quick.framework */; };
		2C0E50DF23DF026A002B1BD2 /* SnapshotTesting.framework in Frameworks */ = {isa = PBXBuildFile; fileRef = 2C0E50DC23DF026A002B1BD2 /* SnapshotTesting.framework */; };
		2C0E50E023DF026A002B1BD2 /* Nimble.framework in Frameworks */ = {isa = PBXBuildFile; fileRef = 2C0E50DD23DF026A002B1BD2 /* Nimble.framework */; };
		AA24B06E4BE6C04F539B3A09 /* ProductListViewControllerSpec.swift in Sources */ = {isa = PBXBuildFile; fileRef = AA24B3E7D594678477F3CE55 /* ProductListViewControllerSpec.swift */; platformFilter = ios; };
		AA24B14A125CA38A3399AA11 /* ProductViewModelSpec.swift in Sources */ = {isa = PBXBuildFile; fileRef = AA24B6254F2909D4F86A38C7 /* ProductViewModelSpec.swift */; };
		AA24B1A359343353AECE873B /* UIButton+Specs.swift in Sources */ = {isa = PBXBuildFile; fileRef = AA24B1563748BDA940FCD6E2 /* UIButton+Specs.swift */; };
		AA24B232DB718D7E6DBA37FB /* Product.swift in Sources */ = {isa = PBXBuildFile; fileRef = AA24BB3D40ED29B332E51300 /* Product.swift */; };
		AA24B29C74569EA3E0270E3D /* CheckoutView.swift in Sources */ = {isa = PBXBuildFile; fileRef = AA24B064982B42C2CA1B24A1 /* CheckoutView.swift */; };
		AA24B366D85C2614FA3A4263 /* Money.swift in Sources */ = {isa = PBXBuildFile; fileRef = AA24B872C2E6319647DB2BCD /* Money.swift */; };
		AA24B39941D4FEE5E03F7E82 /* ProductViewModelSpy.swift in Sources */ = {isa = PBXBuildFile; fileRef = AA24BF7DC64D72FA60179F4B /* ProductViewModelSpy.swift */; };
		AA24B415B1D2061634D6A62C /* CurrecnySelectionViewController.swift in Sources */ = {isa = PBXBuildFile; fileRef = AA24BEB3B7082403C2B0B2E5 /* CurrecnySelectionViewController.swift */; };
		AA24B46E3E4D7ED2655ED9B5 /* ProductCell.swift in Sources */ = {isa = PBXBuildFile; fileRef = AA24B1E90F2B57A8963C6BC2 /* ProductCell.swift */; };
		AA24B590673078E5A905B39E /* Product+Fixtures.swift in Sources */ = {isa = PBXBuildFile; fileRef = AA24B9C9AE7229F9E13831BE /* Product+Fixtures.swift */; };
		AA24B6510642BC22C83E0D55 /* CurrenciesService.swift in Sources */ = {isa = PBXBuildFile; fileRef = AA24BA4D9D9D959580BCADFE /* CurrenciesService.swift */; };
		AA24B6BBA603416E779322F7 /* CheckoutViewControllerSpec.swift in Sources */ = {isa = PBXBuildFile; fileRef = AA24BD689171BB08EE7C4594 /* CheckoutViewControllerSpec.swift */; };
		AA24B719444C782766021B72 /* ProductListViewModelSpec.swift in Sources */ = {isa = PBXBuildFile; fileRef = AA24BC88C0CE4ABCD03D37FB /* ProductListViewModelSpec.swift */; };
		AA24B8426B54280FD15EF64D /* DefaultCheckoutViewModel.swift in Sources */ = {isa = PBXBuildFile; fileRef = AA24B6473B42CD5925DDD1B7 /* DefaultCheckoutViewModel.swift */; };
		AA24B89388664D025D094194 /* ProductListView.swift in Sources */ = {isa = PBXBuildFile; fileRef = AA24B071EC81B97F12CE1745 /* ProductListView.swift */; };
		AA24B8C0D6D44E5FC06B1DB2 /* ProductListViewController.swift in Sources */ = {isa = PBXBuildFile; fileRef = AA24B98DA561CAD498F78898 /* ProductListViewController.swift */; };
		AA24B8E8FBEDE9310BE15120 /* ProductViewModel.swift in Sources */ = {isa = PBXBuildFile; fileRef = AA24BD5E3EA515017A48C08D /* ProductViewModel.swift */; };
		AA24BB32ABDD653005690DE3 /* CurrencyPairs.swift in Sources */ = {isa = PBXBuildFile; fileRef = AA24B1E018D3731CB7C8A098 /* CurrencyPairs.swift */; };
		AA24BC0824C5B890C7CE56AF /* FlowController.swift in Sources */ = {isa = PBXBuildFile; fileRef = AA24B3953B4ABE3C36FA7D1B /* FlowController.swift */; };
		AA24BC2C558472D1F378C672 /* ProductListViewModel.swift in Sources */ = {isa = PBXBuildFile; fileRef = AA24B45DB4E69EE4E240BDFB /* ProductListViewModel.swift */; };
		AA24BCA4362E5C49B12951FD /* ProductCellSpec.swift in Sources */ = {isa = PBXBuildFile; fileRef = AA24BC13A962CE2158105205 /* ProductCellSpec.swift */; };
		AA24BCB12E062482F3AB633E /* CurrencyCell.swift in Sources */ = {isa = PBXBuildFile; fileRef = AA24BD09695438E29522DBEE /* CurrencyCell.swift */; };
		AA24BCD95D1E95446703D5B5 /* CheckoutViewController.swift in Sources */ = {isa = PBXBuildFile; fileRef = AA24B5037000CE6DC4E8D9C2 /* CheckoutViewController.swift */; };
		AA24BF18F7F989B73514C4D6 /* CurrencySelectionViewModel.swift in Sources */ = {isa = PBXBuildFile; fileRef = AA24B80EBDDE9923D82B671E /* CurrencySelectionViewModel.swift */; };
/* End PBXBuildFile section */

/* Begin PBXContainerItemProxy section */
		1B6D110B23D9A1D2004E8A9D /* PBXContainerItemProxy */ = {
			isa = PBXContainerItemProxy;
			containerPortal = 1B6D10EC23D9A1D1004E8A9D /* Project object */;
			proxyType = 1;
			remoteGlobalIDString = 1B6D10F323D9A1D1004E8A9D;
			remoteInfo = ShoppingCart;
		};
/* End PBXContainerItemProxy section */

/* Begin PBXFileReference section */
		1B6D10F423D9A1D1004E8A9D /* ShoppingCart.app */ = {isa = PBXFileReference; explicitFileType = wrapper.application; includeInIndex = 0; path = ShoppingCart.app; sourceTree = BUILT_PRODUCTS_DIR; };
		1B6D10F723D9A1D1004E8A9D /* AppDelegate.swift */ = {isa = PBXFileReference; lastKnownFileType = sourcecode.swift; path = AppDelegate.swift; sourceTree = "<group>"; };
		1B6D10FD23D9A1D2004E8A9D /* Assets.xcassets */ = {isa = PBXFileReference; lastKnownFileType = folder.assetcatalog; path = Assets.xcassets; sourceTree = "<group>"; };
		1B6D110323D9A1D2004E8A9D /* Base */ = {isa = PBXFileReference; lastKnownFileType = file.storyboard; name = Base; path = Base.lproj/LaunchScreen.storyboard; sourceTree = "<group>"; };
		1B6D110523D9A1D2004E8A9D /* Info.plist */ = {isa = PBXFileReference; lastKnownFileType = text.plist.xml; path = Info.plist; sourceTree = "<group>"; };
		1B6D110A23D9A1D2004E8A9D /* ShoppingCartTests.xctest */ = {isa = PBXFileReference; explicitFileType = wrapper.cfbundle; includeInIndex = 0; path = ShoppingCartTests.xctest; sourceTree = BUILT_PRODUCTS_DIR; };
		1B6D111023D9A1D2004E8A9D /* Info.plist */ = {isa = PBXFileReference; lastKnownFileType = text.plist.xml; path = Info.plist; sourceTree = "<group>"; };
		1BB50A4B23D9F36A005DD651 /* ControllersFactory.swift */ = {isa = PBXFileReference; lastKnownFileType = sourcecode.swift; path = ControllersFactory.swift; sourceTree = "<group>"; };
		2C0E50DB23DF0267002B1BD2 /* Quick.framework */ = {isa = PBXFileReference; lastKnownFileType = wrapper.framework; name = Quick.framework; path = Carthage/Build/iOS/Quick.framework; sourceTree = "<group>"; };
		2C0E50DC23DF026A002B1BD2 /* SnapshotTesting.framework */ = {isa = PBXFileReference; lastKnownFileType = wrapper.framework; name = SnapshotTesting.framework; path = Carthage/Build/iOS/SnapshotTesting.framework; sourceTree = "<group>"; };
		2C0E50DD23DF026A002B1BD2 /* Nimble.framework */ = {isa = PBXFileReference; lastKnownFileType = wrapper.framework; name = Nimble.framework; path = Carthage/Build/iOS/Nimble.framework; sourceTree = "<group>"; };
		AA24B064982B42C2CA1B24A1 /* CheckoutView.swift */ = {isa = PBXFileReference; fileEncoding = 4; lastKnownFileType = sourcecode.swift; path = CheckoutView.swift; sourceTree = "<group>"; };
		AA24B071EC81B97F12CE1745 /* ProductListView.swift */ = {isa = PBXFileReference; fileEncoding = 4; lastKnownFileType = sourcecode.swift; path = ProductListView.swift; sourceTree = "<group>"; };
		AA24B1563748BDA940FCD6E2 /* UIButton+Specs.swift */ = {isa = PBXFileReference; fileEncoding = 4; lastKnownFileType = sourcecode.swift; path = "UIButton+Specs.swift"; sourceTree = "<group>"; };
		AA24B1E018D3731CB7C8A098 /* CurrencyPairs.swift */ = {isa = PBXFileReference; fileEncoding = 4; lastKnownFileType = sourcecode.swift; path = CurrencyPairs.swift; sourceTree = "<group>"; };
		AA24B1E90F2B57A8963C6BC2 /* ProductCell.swift */ = {isa = PBXFileReference; fileEncoding = 4; lastKnownFileType = sourcecode.swift; path = ProductCell.swift; sourceTree = "<group>"; };
		AA24B3953B4ABE3C36FA7D1B /* FlowController.swift */ = {isa = PBXFileReference; fileEncoding = 4; lastKnownFileType = sourcecode.swift; path = FlowController.swift; sourceTree = "<group>"; };
		AA24B3E7D594678477F3CE55 /* ProductListViewControllerSpec.swift */ = {isa = PBXFileReference; fileEncoding = 4; lastKnownFileType = sourcecode.swift; path = ProductListViewControllerSpec.swift; sourceTree = "<group>"; };
		AA24B45DB4E69EE4E240BDFB /* ProductListViewModel.swift */ = {isa = PBXFileReference; fileEncoding = 4; lastKnownFileType = sourcecode.swift; path = ProductListViewModel.swift; sourceTree = "<group>"; };
		AA24B5037000CE6DC4E8D9C2 /* CheckoutViewController.swift */ = {isa = PBXFileReference; fileEncoding = 4; lastKnownFileType = sourcecode.swift; path = CheckoutViewController.swift; sourceTree = "<group>"; };
		AA24B6254F2909D4F86A38C7 /* ProductViewModelSpec.swift */ = {isa = PBXFileReference; fileEncoding = 4; lastKnownFileType = sourcecode.swift; path = ProductViewModelSpec.swift; sourceTree = "<group>"; };
		AA24B6473B42CD5925DDD1B7 /* DefaultCheckoutViewModel.swift */ = {isa = PBXFileReference; fileEncoding = 4; lastKnownFileType = sourcecode.swift; path = DefaultCheckoutViewModel.swift; sourceTree = "<group>"; };
		AA24B80EBDDE9923D82B671E /* CurrencySelectionViewModel.swift */ = {isa = PBXFileReference; fileEncoding = 4; lastKnownFileType = sourcecode.swift; path = CurrencySelectionViewModel.swift; sourceTree = "<group>"; };
		AA24B872C2E6319647DB2BCD /* Money.swift */ = {isa = PBXFileReference; fileEncoding = 4; lastKnownFileType = sourcecode.swift; path = Money.swift; sourceTree = "<group>"; };
		AA24B98DA561CAD498F78898 /* ProductListViewController.swift */ = {isa = PBXFileReference; fileEncoding = 4; lastKnownFileType = sourcecode.swift; path = ProductListViewController.swift; sourceTree = "<group>"; };
		AA24B9C9AE7229F9E13831BE /* Product+Fixtures.swift */ = {isa = PBXFileReference; fileEncoding = 4; lastKnownFileType = sourcecode.swift; path = "Product+Fixtures.swift"; sourceTree = "<group>"; };
		AA24BA4D9D9D959580BCADFE /* CurrenciesService.swift */ = {isa = PBXFileReference; fileEncoding = 4; lastKnownFileType = sourcecode.swift; path = CurrenciesService.swift; sourceTree = "<group>"; };
		AA24BB3D40ED29B332E51300 /* Product.swift */ = {isa = PBXFileReference; fileEncoding = 4; lastKnownFileType = sourcecode.swift; path = Product.swift; sourceTree = "<group>"; };
		AA24BC13A962CE2158105205 /* ProductCellSpec.swift */ = {isa = PBXFileReference; fileEncoding = 4; lastKnownFileType = sourcecode.swift; path = ProductCellSpec.swift; sourceTree = "<group>"; };
		AA24BC88C0CE4ABCD03D37FB /* ProductListViewModelSpec.swift */ = {isa = PBXFileReference; fileEncoding = 4; lastKnownFileType = sourcecode.swift; path = ProductListViewModelSpec.swift; sourceTree = "<group>"; };
		AA24BD09695438E29522DBEE /* CurrencyCell.swift */ = {isa = PBXFileReference; fileEncoding = 4; lastKnownFileType = sourcecode.swift; path = CurrencyCell.swift; sourceTree = "<group>"; };
		AA24BD5E3EA515017A48C08D /* ProductViewModel.swift */ = {isa = PBXFileReference; fileEncoding = 4; lastKnownFileType = sourcecode.swift; path = ProductViewModel.swift; sourceTree = "<group>"; };
		AA24BD689171BB08EE7C4594 /* CheckoutViewControllerSpec.swift */ = {isa = PBXFileReference; fileEncoding = 4; lastKnownFileType = sourcecode.swift; path = CheckoutViewControllerSpec.swift; sourceTree = "<group>"; };
		AA24BEB3B7082403C2B0B2E5 /* CurrecnySelectionViewController.swift */ = {isa = PBXFileReference; fileEncoding = 4; lastKnownFileType = sourcecode.swift; path = CurrecnySelectionViewController.swift; sourceTree = "<group>"; };
		AA24BF7DC64D72FA60179F4B /* ProductViewModelSpy.swift */ = {isa = PBXFileReference; fileEncoding = 4; lastKnownFileType = sourcecode.swift; path = ProductViewModelSpy.swift; sourceTree = "<group>"; };
/* End PBXFileReference section */

/* Begin PBXFrameworksBuildPhase section */
		1B6D10F123D9A1D1004E8A9D /* Frameworks */ = {
			isa = PBXFrameworksBuildPhase;
			buildActionMask = 2147483647;
			files = (
			);
			runOnlyForDeploymentPostprocessing = 0;
		};
		1B6D110723D9A1D2004E8A9D /* Frameworks */ = {
			isa = PBXFrameworksBuildPhase;
			buildActionMask = 2147483647;
			files = (
				2C0E50DE23DF026A002B1BD2 /* Quick.framework in Frameworks */,
				2C0E50DF23DF026A002B1BD2 /* SnapshotTesting.framework in Frameworks */,
				2C0E50E023DF026A002B1BD2 /* Nimble.framework in Frameworks */,
			);
			runOnlyForDeploymentPostprocessing = 0;
		};
/* End PBXFrameworksBuildPhase section */

/* Begin PBXGroup section */
		1B6D10EB23D9A1D1004E8A9D = {
			isa = PBXGroup;
			children = (
				1B6D10F623D9A1D1004E8A9D /* ShoppingCart */,
				1B6D110D23D9A1D2004E8A9D /* ShoppingCartTests */,
				1B6D10F523D9A1D1004E8A9D /* Products */,
				1B6D112723D9A6CB004E8A9D /* Frameworks */,
			);
			sourceTree = "<group>";
		};
		1B6D10F523D9A1D1004E8A9D /* Products */ = {
			isa = PBXGroup;
			children = (
				1B6D10F423D9A1D1004E8A9D /* ShoppingCart.app */,
				1B6D110A23D9A1D2004E8A9D /* ShoppingCartTests.xctest */,
			);
			name = Products;
			sourceTree = "<group>";
		};
		1B6D10F623D9A1D1004E8A9D /* ShoppingCart */ = {
			isa = PBXGroup;
			children = (
				1B6D113023D9A7C4004E8A9D /* Classes */,
				1B6D113123D9A7CF004E8A9D /* Resources */,
				1B6D10F723D9A1D1004E8A9D /* AppDelegate.swift */,
				1B6D110523D9A1D2004E8A9D /* Info.plist */,
			);
			path = ShoppingCart;
			sourceTree = "<group>";
		};
		1B6D110D23D9A1D2004E8A9D /* ShoppingCartTests */ = {
			isa = PBXGroup;
			children = (
				1B6D111023D9A1D2004E8A9D /* Info.plist */,
				AA24BC2864A956090C26D434 /* Fixtures */,
				AA24B603D14C1EE27B8476F3 /* Extensions */,
				AA24B3E5E1927BEB1C47CD94 /* Helpers */,
			);
			path = ShoppingCartTests;
			sourceTree = "<group>";
		};
		1B6D112723D9A6CB004E8A9D /* Frameworks */ = {
			isa = PBXGroup;
			children = (
				2C0E50DD23DF026A002B1BD2 /* Nimble.framework */,
				2C0E50DB23DF0267002B1BD2 /* Quick.framework */,
				2C0E50DC23DF026A002B1BD2 /* SnapshotTesting.framework */,
			);
			name = Frameworks;
			sourceTree = "<group>";
		};
		1B6D112D23D9A78A004E8A9D /* Modules */ = {
			isa = PBXGroup;
			children = (
				AA24B3ADB4FC50DD9704BF91 /* ProductList */,
				AA24B73005933781E00A8201 /* Checkout */,
				AA24BBA321AD9932965B91BC /* CurrencySelection */,
			);
			path = Modules;
			sourceTree = "<group>";
		};
		1B6D113023D9A7C4004E8A9D /* Classes */ = {
			isa = PBXGroup;
			children = (
				2C0E50DA23DF0004002B1BD2 /* Model */,
				1BB50A4A23D9F34D005DD651 /* Helpers */,
				1B6D112D23D9A78A004E8A9D /* Modules */,
				AA24B7EF5F17992F374A42AA /* Networking */,
			);
			path = Classes;
			sourceTree = "<group>";
		};
		1B6D113123D9A7CF004E8A9D /* Resources */ = {
			isa = PBXGroup;
			children = (
				1B6D110223D9A1D2004E8A9D /* LaunchScreen.storyboard */,
				1B6D10FD23D9A1D2004E8A9D /* Assets.xcassets */,
			);
			path = Resources;
			sourceTree = "<group>";
		};
		1BB50A4A23D9F34D005DD651 /* Helpers */ = {
			isa = PBXGroup;
			children = (
				1BB50A4B23D9F36A005DD651 /* ControllersFactory.swift */,
				AA24B3953B4ABE3C36FA7D1B /* FlowController.swift */,
			);
			path = Helpers;
			sourceTree = "<group>";
		};
		2C0E50DA23DF0004002B1BD2 /* Model */ = {
			isa = PBXGroup;
			children = (
				AA24BB3D40ED29B332E51300 /* Product.swift */,
				AA24B872C2E6319647DB2BCD /* Money.swift */,
			);
			path = Model;
			sourceTree = "<group>";
		};
		AA24B3ADB4FC50DD9704BF91 /* ProductList */ = {
			isa = PBXGroup;
			children = (
				AA24B3E7D594678477F3CE55 /* ProductListViewControllerSpec.swift */,
				AA24B45DB4E69EE4E240BDFB /* ProductListViewModel.swift */,
				AA24BC13A962CE2158105205 /* ProductCellSpec.swift */,
				AA24B071EC81B97F12CE1745 /* ProductListView.swift */,
				AA24B6254F2909D4F86A38C7 /* ProductViewModelSpec.swift */,
				AA24B98DA561CAD498F78898 /* ProductListViewController.swift */,
				AA24BD5E3EA515017A48C08D /* ProductViewModel.swift */,
				AA24B1E90F2B57A8963C6BC2 /* ProductCell.swift */,
				AA24BC88C0CE4ABCD03D37FB /* ProductListViewModelSpec.swift */,
			);
			path = ProductList;
			sourceTree = "<group>";
		};
		AA24B3E5E1927BEB1C47CD94 /* Helpers */ = {
			isa = PBXGroup;
			children = (
				AA24BF7DC64D72FA60179F4B /* ProductViewModelSpy.swift */,
			);
			path = Helpers;
			sourceTree = "<group>";
		};
		AA24B603D14C1EE27B8476F3 /* Extensions */ = {
			isa = PBXGroup;
			children = (
				AA24B1563748BDA940FCD6E2 /* UIButton+Specs.swift */,
			);
			path = Extensions;
			sourceTree = "<group>";
		};
		AA24B73005933781E00A8201 /* Checkout */ = {
			isa = PBXGroup;
			children = (
				AA24B5037000CE6DC4E8D9C2 /* CheckoutViewController.swift */,
				AA24B6473B42CD5925DDD1B7 /* DefaultCheckoutViewModel.swift */,
				AA24B064982B42C2CA1B24A1 /* CheckoutView.swift */,
				AA24BD689171BB08EE7C4594 /* CheckoutViewControllerSpec.swift */,
			);
			path = Checkout;
			sourceTree = "<group>";
		};
		AA24B7EF5F17992F374A42AA /* Networking */ = {
			isa = PBXGroup;
			children = (
				AA24BA4D9D9D959580BCADFE /* CurrenciesService.swift */,
				AA24B1E018D3731CB7C8A098 /* CurrencyPairs.swift */,
			);
			path = Networking;
			sourceTree = "<group>";
		};
		AA24BBA321AD9932965B91BC /* CurrencySelection */ = {
			isa = PBXGroup;
			children = (
				AA24BEB3B7082403C2B0B2E5 /* CurrecnySelectionViewController.swift */,
				AA24B80EBDDE9923D82B671E /* CurrencySelectionViewModel.swift */,
				AA24BD09695438E29522DBEE /* CurrencyCell.swift */,
			);
			path = CurrencySelection;
			sourceTree = "<group>";
		};
		AA24BC2864A956090C26D434 /* Fixtures */ = {
			isa = PBXGroup;
			children = (
				AA24B9C9AE7229F9E13831BE /* Product+Fixtures.swift */,
			);
			path = Fixtures;
			sourceTree = "<group>";
		};
/* End PBXGroup section */

/* Begin PBXNativeTarget section */
		1B6D10F323D9A1D1004E8A9D /* ShoppingCart */ = {
			isa = PBXNativeTarget;
			buildConfigurationList = 1B6D111323D9A1D2004E8A9D /* Build configuration list for PBXNativeTarget "ShoppingCart" */;
			buildPhases = (
				1B6D10F023D9A1D1004E8A9D /* Sources */,
				1B6D10F123D9A1D1004E8A9D /* Frameworks */,
				1B6D10F223D9A1D1004E8A9D /* Resources */,
			);
			buildRules = (
			);
			dependencies = (
			);
			name = ShoppingCart;
			packageProductDependencies = (
			);
			productName = ShoppingCart;
			productReference = 1B6D10F423D9A1D1004E8A9D /* ShoppingCart.app */;
			productType = "com.apple.product-type.application";
		};
		1B6D110923D9A1D2004E8A9D /* ShoppingCartTests */ = {
			isa = PBXNativeTarget;
			buildConfigurationList = 1B6D111623D9A1D2004E8A9D /* Build configuration list for PBXNativeTarget "ShoppingCartTests" */;
			buildPhases = (
				1B6D110623D9A1D2004E8A9D /* Sources */,
				1B6D110723D9A1D2004E8A9D /* Frameworks */,
				1B6D110823D9A1D2004E8A9D /* Resources */,
				2CC8D6B823DF037700BD3F62 /* Carthage Copy Frameworks */,
			);
			buildRules = (
			);
			dependencies = (
				1B6D110C23D9A1D2004E8A9D /* PBXTargetDependency */,
			);
			name = ShoppingCartTests;
			packageProductDependencies = (
			);
			productName = ShoppingCartTests;
			productReference = 1B6D110A23D9A1D2004E8A9D /* ShoppingCartTests.xctest */;
			productType = "com.apple.product-type.bundle.unit-test";
		};
/* End PBXNativeTarget section */

/* Begin PBXProject section */
		1B6D10EC23D9A1D1004E8A9D /* Project object */ = {
			isa = PBXProject;
			attributes = {
				LastSwiftUpdateCheck = 1110;
				LastUpgradeCheck = 1110;
				ORGANIZATIONNAME = "Sowa, Jakub";
				TargetAttributes = {
					1B6D10F323D9A1D1004E8A9D = {
						CreatedOnToolsVersion = 11.1;
					};
					1B6D110923D9A1D2004E8A9D = {
						CreatedOnToolsVersion = 11.1;
						LastSwiftMigration = 1110;
						TestTargetID = 1B6D10F323D9A1D1004E8A9D;
					};
				};
			};
			buildConfigurationList = 1B6D10EF23D9A1D1004E8A9D /* Build configuration list for PBXProject "ShoppingCart" */;
			compatibilityVersion = "Xcode 9.3";
			developmentRegion = en;
			hasScannedForEncodings = 0;
			knownRegions = (
				en,
				Base,
			);
			mainGroup = 1B6D10EB23D9A1D1004E8A9D;
			packageReferences = (
			);
			productRefGroup = 1B6D10F523D9A1D1004E8A9D /* Products */;
			projectDirPath = "";
			projectRoot = "";
			targets = (
				1B6D10F323D9A1D1004E8A9D /* ShoppingCart */,
				1B6D110923D9A1D2004E8A9D /* ShoppingCartTests */,
			);
		};
/* End PBXProject section */

/* Begin PBXResourcesBuildPhase section */
		1B6D10F223D9A1D1004E8A9D /* Resources */ = {
			isa = PBXResourcesBuildPhase;
			buildActionMask = 2147483647;
			files = (
				1B6D110423D9A1D2004E8A9D /* LaunchScreen.storyboard in Resources */,
				1B6D10FE23D9A1D2004E8A9D /* Assets.xcassets in Resources */,
			);
			runOnlyForDeploymentPostprocessing = 0;
		};
		1B6D110823D9A1D2004E8A9D /* Resources */ = {
			isa = PBXResourcesBuildPhase;
			buildActionMask = 2147483647;
			files = (
			);
			runOnlyForDeploymentPostprocessing = 0;
		};
/* End PBXResourcesBuildPhase section */

/* Begin PBXShellScriptBuildPhase section */
		2CC8D6B823DF037700BD3F62 /* Carthage Copy Frameworks */ = {
			isa = PBXShellScriptBuildPhase;
			buildActionMask = 2147483647;
			files = (
			);
			inputFileListPaths = (
			);
			inputPaths = (
				"$(SRCROOT)/Carthage/Build/iOS/Quick.framework",
				"$(SRCROOT)/Carthage/Build/iOS/Nimble.framework",
				"$(SRCROOT)/Carthage/Build/iOS/SnapshotTesting.framework",
			);
			name = "Carthage Copy Frameworks";
			outputFileListPaths = (
			);
			outputPaths = (
				"$(BUILT_PRODUCTS_DIR)/$(FRAMEWORKS_FOLDER_PATH)/Quick.framework",
				"$(BUILT_PRODUCTS_DIR)/$(FRAMEWORKS_FOLDER_PATH)/Nimble.framework\n",
				"$(BUILT_PRODUCTS_DIR)/$(FRAMEWORKS_FOLDER_PATH)/SnapshotTesting.framework",
			);
			runOnlyForDeploymentPostprocessing = 0;
			shellPath = /bin/sh;
			shellScript = "/usr/local/bin/carthage copy-frameworks\n";
		};
/* End PBXShellScriptBuildPhase section */

/* Begin PBXSourcesBuildPhase section */
		1B6D10F023D9A1D1004E8A9D /* Sources */ = {
			isa = PBXSourcesBuildPhase;
			buildActionMask = 2147483647;
			files = (
				1BB50A4C23D9F36A005DD651 /* ControllersFactory.swift in Sources */,
				1B6D10F823D9A1D1004E8A9D /* AppDelegate.swift in Sources */,
				AA24B232DB718D7E6DBA37FB /* Product.swift in Sources */,
				AA24BC2C558472D1F378C672 /* ProductListViewModel.swift in Sources */,
				AA24B89388664D025D094194 /* ProductListView.swift in Sources */,
				AA24B8C0D6D44E5FC06B1DB2 /* ProductListViewController.swift in Sources */,
				AA24B8E8FBEDE9310BE15120 /* ProductViewModel.swift in Sources */,
				AA24B46E3E4D7ED2655ED9B5 /* ProductCell.swift in Sources */,
				AA24BCD95D1E95446703D5B5 /* CheckoutViewController.swift in Sources */,
				AA24B8426B54280FD15EF64D /* DefaultCheckoutViewModel.swift in Sources */,
				AA24B29C74569EA3E0270E3D /* CheckoutView.swift in Sources */,
				AA24BC0824C5B890C7CE56AF /* FlowController.swift in Sources */,
				AA24B366D85C2614FA3A4263 /* Money.swift in Sources */,
				AA24B415B1D2061634D6A62C /* CurrecnySelectionViewController.swift in Sources */,
				AA24BF18F7F989B73514C4D6 /* CurrencySelectionViewModel.swift in Sources */,
				AA24BCB12E062482F3AB633E /* CurrencyCell.swift in Sources */,
				AA24B6510642BC22C83E0D55 /* CurrenciesService.swift in Sources */,
				AA24BB32ABDD653005690DE3 /* CurrencyPairs.swift in Sources */,
			);
			runOnlyForDeploymentPostprocessing = 0;
		};
		1B6D110623D9A1D2004E8A9D /* Sources */ = {
			isa = PBXSourcesBuildPhase;
			buildActionMask = 2147483647;
			files = (
				AA24B590673078E5A905B39E /* Product+Fixtures.swift in Sources */,
				AA24B1A359343353AECE873B /* UIButton+Specs.swift in Sources */,
				AA24B39941D4FEE5E03F7E82 /* ProductViewModelSpy.swift in Sources */,
				AA24B06E4BE6C04F539B3A09 /* ProductListViewControllerSpec.swift in Sources */,
				AA24BCA4362E5C49B12951FD /* ProductCellSpec.swift in Sources */,
				AA24B14A125CA38A3399AA11 /* ProductViewModelSpec.swift in Sources */,
				AA24B6BBA603416E779322F7 /* CheckoutViewControllerSpec.swift in Sources */,
				AA24B719444C782766021B72 /* ProductListViewModelSpec.swift in Sources */,
			);
			runOnlyForDeploymentPostprocessing = 0;
		};
/* End PBXSourcesBuildPhase section */

/* Begin PBXTargetDependency section */
		1B6D110C23D9A1D2004E8A9D /* PBXTargetDependency */ = {
			isa = PBXTargetDependency;
			target = 1B6D10F323D9A1D1004E8A9D /* ShoppingCart */;
			targetProxy = 1B6D110B23D9A1D2004E8A9D /* PBXContainerItemProxy */;
		};
/* End PBXTargetDependency section */

/* Begin PBXVariantGroup section */
		1B6D110223D9A1D2004E8A9D /* LaunchScreen.storyboard */ = {
			isa = PBXVariantGroup;
			children = (
				1B6D110323D9A1D2004E8A9D /* Base */,
			);
			name = LaunchScreen.storyboard;
			sourceTree = "<group>";
		};
/* End PBXVariantGroup section */

/* Begin XCBuildConfiguration section */
		1B6D111123D9A1D2004E8A9D /* Debug */ = {
			isa = XCBuildConfiguration;
			buildSettings = {
				ALWAYS_SEARCH_USER_PATHS = NO;
				CLANG_ANALYZER_NONNULL = YES;
				CLANG_ANALYZER_NUMBER_OBJECT_CONVERSION = YES_AGGRESSIVE;
				CLANG_CXX_LANGUAGE_STANDARD = "gnu++14";
				CLANG_CXX_LIBRARY = "libc++";
				CLANG_ENABLE_MODULES = YES;
				CLANG_ENABLE_OBJC_ARC = YES;
				CLANG_ENABLE_OBJC_WEAK = YES;
				CLANG_WARN_BLOCK_CAPTURE_AUTORELEASING = YES;
				CLANG_WARN_BOOL_CONVERSION = YES;
				CLANG_WARN_COMMA = YES;
				CLANG_WARN_CONSTANT_CONVERSION = YES;
				CLANG_WARN_DEPRECATED_OBJC_IMPLEMENTATIONS = YES;
				CLANG_WARN_DIRECT_OBJC_ISA_USAGE = YES_ERROR;
				CLANG_WARN_DOCUMENTATION_COMMENTS = YES;
				CLANG_WARN_EMPTY_BODY = YES;
				CLANG_WARN_ENUM_CONVERSION = YES;
				CLANG_WARN_INFINITE_RECURSION = YES;
				CLANG_WARN_INT_CONVERSION = YES;
				CLANG_WARN_NON_LITERAL_NULL_CONVERSION = YES;
				CLANG_WARN_OBJC_IMPLICIT_RETAIN_SELF = YES;
				CLANG_WARN_OBJC_LITERAL_CONVERSION = YES;
				CLANG_WARN_OBJC_ROOT_CLASS = YES_ERROR;
				CLANG_WARN_RANGE_LOOP_ANALYSIS = YES;
				CLANG_WARN_STRICT_PROTOTYPES = YES;
				CLANG_WARN_SUSPICIOUS_MOVE = YES;
				CLANG_WARN_UNGUARDED_AVAILABILITY = YES_AGGRESSIVE;
				CLANG_WARN_UNREACHABLE_CODE = YES;
				CLANG_WARN__DUPLICATE_METHOD_MATCH = YES;
				COPY_PHASE_STRIP = NO;
				DEBUG_INFORMATION_FORMAT = dwarf;
				ENABLE_STRICT_OBJC_MSGSEND = YES;
				ENABLE_TESTABILITY = YES;
				GCC_C_LANGUAGE_STANDARD = gnu11;
				GCC_DYNAMIC_NO_PIC = NO;
				GCC_NO_COMMON_BLOCKS = YES;
				GCC_OPTIMIZATION_LEVEL = 0;
				GCC_PREPROCESSOR_DEFINITIONS = (
					"DEBUG=1",
					"$(inherited)",
				);
				GCC_WARN_64_TO_32_BIT_CONVERSION = YES;
				GCC_WARN_ABOUT_RETURN_TYPE = YES_ERROR;
				GCC_WARN_UNDECLARED_SELECTOR = YES;
				GCC_WARN_UNINITIALIZED_AUTOS = YES_AGGRESSIVE;
				GCC_WARN_UNUSED_FUNCTION = YES;
				GCC_WARN_UNUSED_VARIABLE = YES;
				IPHONEOS_DEPLOYMENT_TARGET = 13.1;
				MTL_ENABLE_DEBUG_INFO = INCLUDE_SOURCE;
				MTL_FAST_MATH = YES;
				ONLY_ACTIVE_ARCH = YES;
				SDKROOT = iphoneos;
				SWIFT_ACTIVE_COMPILATION_CONDITIONS = DEBUG;
				SWIFT_OPTIMIZATION_LEVEL = "-Onone";
			};
			name = Debug;
		};
		1B6D111223D9A1D2004E8A9D /* Release */ = {
			isa = XCBuildConfiguration;
			buildSettings = {
				ALWAYS_SEARCH_USER_PATHS = NO;
				CLANG_ANALYZER_NONNULL = YES;
				CLANG_ANALYZER_NUMBER_OBJECT_CONVERSION = YES_AGGRESSIVE;
				CLANG_CXX_LANGUAGE_STANDARD = "gnu++14";
				CLANG_CXX_LIBRARY = "libc++";
				CLANG_ENABLE_MODULES = YES;
				CLANG_ENABLE_OBJC_ARC = YES;
				CLANG_ENABLE_OBJC_WEAK = YES;
				CLANG_WARN_BLOCK_CAPTURE_AUTORELEASING = YES;
				CLANG_WARN_BOOL_CONVERSION = YES;
				CLANG_WARN_COMMA = YES;
				CLANG_WARN_CONSTANT_CONVERSION = YES;
				CLANG_WARN_DEPRECATED_OBJC_IMPLEMENTATIONS = YES;
				CLANG_WARN_DIRECT_OBJC_ISA_USAGE = YES_ERROR;
				CLANG_WARN_DOCUMENTATION_COMMENTS = YES;
				CLANG_WARN_EMPTY_BODY = YES;
				CLANG_WARN_ENUM_CONVERSION = YES;
				CLANG_WARN_INFINITE_RECURSION = YES;
				CLANG_WARN_INT_CONVERSION = YES;
				CLANG_WARN_NON_LITERAL_NULL_CONVERSION = YES;
				CLANG_WARN_OBJC_IMPLICIT_RETAIN_SELF = YES;
				CLANG_WARN_OBJC_LITERAL_CONVERSION = YES;
				CLANG_WARN_OBJC_ROOT_CLASS = YES_ERROR;
				CLANG_WARN_RANGE_LOOP_ANALYSIS = YES;
				CLANG_WARN_STRICT_PROTOTYPES = YES;
				CLANG_WARN_SUSPICIOUS_MOVE = YES;
				CLANG_WARN_UNGUARDED_AVAILABILITY = YES_AGGRESSIVE;
				CLANG_WARN_UNREACHABLE_CODE = YES;
				CLANG_WARN__DUPLICATE_METHOD_MATCH = YES;
				COPY_PHASE_STRIP = NO;
				DEBUG_INFORMATION_FORMAT = "dwarf-with-dsym";
				ENABLE_NS_ASSERTIONS = NO;
				ENABLE_STRICT_OBJC_MSGSEND = YES;
				GCC_C_LANGUAGE_STANDARD = gnu11;
				GCC_NO_COMMON_BLOCKS = YES;
				GCC_WARN_64_TO_32_BIT_CONVERSION = YES;
				GCC_WARN_ABOUT_RETURN_TYPE = YES_ERROR;
				GCC_WARN_UNDECLARED_SELECTOR = YES;
				GCC_WARN_UNINITIALIZED_AUTOS = YES_AGGRESSIVE;
				GCC_WARN_UNUSED_FUNCTION = YES;
				GCC_WARN_UNUSED_VARIABLE = YES;
				IPHONEOS_DEPLOYMENT_TARGET = 13.1;
				MTL_ENABLE_DEBUG_INFO = NO;
				MTL_FAST_MATH = YES;
				SDKROOT = iphoneos;
				SWIFT_COMPILATION_MODE = wholemodule;
				SWIFT_OPTIMIZATION_LEVEL = "-O";
				VALIDATE_PRODUCT = YES;
			};
			name = Release;
		};
		1B6D111423D9A1D2004E8A9D /* Debug */ = {
			isa = XCBuildConfiguration;
			buildSettings = {
				ASSETCATALOG_COMPILER_APPICON_NAME = AppIcon;
				CODE_SIGN_STYLE = Automatic;
				DEVELOPMENT_ASSET_PATHS = "";
				ENABLE_PREVIEWS = YES;
				INFOPLIST_FILE = ShoppingCart/Info.plist;
				LD_RUNPATH_SEARCH_PATHS = (
					"$(inherited)",
					"@executable_path/Frameworks",
				);
				PRODUCT_BUNDLE_IDENTIFIER = none.ShoppingCart;
				PRODUCT_NAME = "$(TARGET_NAME)";
				SWIFT_VERSION = 5.0;
				TARGETED_DEVICE_FAMILY = "1,2";
			};
			name = Debug;
		};
		1B6D111523D9A1D2004E8A9D /* Release */ = {
			isa = XCBuildConfiguration;
			buildSettings = {
				ASSETCATALOG_COMPILER_APPICON_NAME = AppIcon;
				CODE_SIGN_STYLE = Automatic;
				DEVELOPMENT_ASSET_PATHS = "";
				ENABLE_PREVIEWS = YES;
				INFOPLIST_FILE = ShoppingCart/Info.plist;
				LD_RUNPATH_SEARCH_PATHS = (
					"$(inherited)",
					"@executable_path/Frameworks",
				);
				PRODUCT_BUNDLE_IDENTIFIER = none.ShoppingCart;
				PRODUCT_NAME = "$(TARGET_NAME)";
				SWIFT_VERSION = 5.0;
				TARGETED_DEVICE_FAMILY = "1,2";
			};
			name = Release;
		};
		1B6D111723D9A1D2004E8A9D /* Debug */ = {
			isa = XCBuildConfiguration;
			buildSettings = {
				ALWAYS_EMBED_SWIFT_STANDARD_LIBRARIES = YES;
				BUNDLE_LOADER = "$(TEST_HOST)";
				CLANG_ENABLE_MODULES = YES;
				CODE_SIGN_STYLE = Automatic;
				FRAMEWORK_SEARCH_PATHS = (
					"$(inherited)",
					"$(PROJECT_DIR)/Carthage/Build/iOS",
				);
				INFOPLIST_FILE = ShoppingCartTests/Info.plist;
				IPHONEOS_DEPLOYMENT_TARGET = 13.1;
				LD_RUNPATH_SEARCH_PATHS = (
					"$(inherited)",
					"@executable_path/Frameworks",
					"@loader_path/Frameworks",
				);
				PRODUCT_BUNDLE_IDENTIFIER = none.ShoppingCartTests;
				PRODUCT_NAME = "$(TARGET_NAME)";
				SWIFT_OPTIMIZATION_LEVEL = "-Onone";
				SWIFT_VERSION = 5.0;
				TARGETED_DEVICE_FAMILY = "1,2";
				TEST_HOST = "$(BUILT_PRODUCTS_DIR)/ShoppingCart.app/ShoppingCart";
			};
			name = Debug;
		};
		1B6D111823D9A1D2004E8A9D /* Release */ = {
			isa = XCBuildConfiguration;
			buildSettings = {
				ALWAYS_EMBED_SWIFT_STANDARD_LIBRARIES = YES;
				BUNDLE_LOADER = "$(TEST_HOST)";
				CLANG_ENABLE_MODULES = YES;
				CODE_SIGN_STYLE = Automatic;
				FRAMEWORK_SEARCH_PATHS = (
					"$(inherited)",
					"$(PROJECT_DIR)/Carthage/Build/iOS",
				);
				INFOPLIST_FILE = ShoppingCartTests/Info.plist;
				IPHONEOS_DEPLOYMENT_TARGET = 13.1;
				LD_RUNPATH_SEARCH_PATHS = (
					"$(inherited)",
					"@executable_path/Frameworks",
					"@loader_path/Frameworks",
				);
				PRODUCT_BUNDLE_IDENTIFIER = none.ShoppingCartTests;
				PRODUCT_NAME = "$(TARGET_NAME)";
				SWIFT_VERSION = 5.0;
				TARGETED_DEVICE_FAMILY = "1,2";
				TEST_HOST = "$(BUILT_PRODUCTS_DIR)/ShoppingCart.app/ShoppingCart";
			};
			name = Release;
		};
/* End XCBuildConfiguration section */

/* Begin XCConfigurationList section */
		1B6D10EF23D9A1D1004E8A9D /* Build configuration list for PBXProject "ShoppingCart" */ = {
			isa = XCConfigurationList;
			buildConfigurations = (
				1B6D111123D9A1D2004E8A9D /* Debug */,
				1B6D111223D9A1D2004E8A9D /* Release */,
			);
			defaultConfigurationIsVisible = 0;
			defaultConfigurationName = Release;
		};
		1B6D111323D9A1D2004E8A9D /* Build configuration list for PBXNativeTarget "ShoppingCart" */ = {
			isa = XCConfigurationList;
			buildConfigurations = (
				1B6D111423D9A1D2004E8A9D /* Debug */,
				1B6D111523D9A1D2004E8A9D /* Release */,
			);
			defaultConfigurationIsVisible = 0;
			defaultConfigurationName = Release;
		};
		1B6D111623D9A1D2004E8A9D /* Build configuration list for PBXNativeTarget "ShoppingCartTests" */ = {
			isa = XCConfigurationList;
			buildConfigurations = (
				1B6D111723D9A1D2004E8A9D /* Debug */,
				1B6D111823D9A1D2004E8A9D /* Release */,
			);
			defaultConfigurationIsVisible = 0;
			defaultConfigurationName = Release;
		};
/* End XCConfigurationList section */
	};
	rootObject = 1B6D10EC23D9A1D1004E8A9D /* Project object */;
}
